// !$*UTF8*$!
{
	archiveVersion = 1;
	classes = {
	};
	objectVersion = 46;
	objects = {

/* Begin PBXBuildFile section */
		BC04FCF0174EB18000EFEBCD /* UIKit.framework in Frameworks */ = {isa = PBXBuildFile; fileRef = BC04FCEF174EB18000EFEBCD /* UIKit.framework */; };
		BC04FCF2174EB18000EFEBCD /* Foundation.framework in Frameworks */ = {isa = PBXBuildFile; fileRef = BC04FCF1174EB18000EFEBCD /* Foundation.framework */; };
		BC04FCF4174EB18000EFEBCD /* CoreGraphics.framework in Frameworks */ = {isa = PBXBuildFile; fileRef = BC04FCF3174EB18000EFEBCD /* CoreGraphics.framework */; };
		BC04FCFA174EB18000EFEBCD /* InfoPlist.strings in Resources */ = {isa = PBXBuildFile; fileRef = BC04FCF8174EB18000EFEBCD /* InfoPlist.strings */; };
		BC04FCFC174EB18000EFEBCD /* main.m in Sources */ = {isa = PBXBuildFile; fileRef = BC04FCFB174EB18000EFEBCD /* main.m */; };
		BC04FD00174EB18000EFEBCD /* AppDelegate.m in Sources */ = {isa = PBXBuildFile; fileRef = BC04FCFF174EB18000EFEBCD /* AppDelegate.m */; };
		BC04FD02174EB18000EFEBCD /* Default.png in Resources */ = {isa = PBXBuildFile; fileRef = BC04FD01174EB18000EFEBCD /* Default.png */; };
		BC04FD04174EB18000EFEBCD /* Default@2x.png in Resources */ = {isa = PBXBuildFile; fileRef = BC04FD03174EB18000EFEBCD /* Default@2x.png */; };
		BC04FD06174EB18000EFEBCD /* Default-568h@2x.png in Resources */ = {isa = PBXBuildFile; fileRef = BC04FD05174EB18000EFEBCD /* Default-568h@2x.png */; };
		BC04FD09174EB18000EFEBCD /* MainStoryboard.storyboard in Resources */ = {isa = PBXBuildFile; fileRef = BC04FD07174EB18000EFEBCD /* MainStoryboard.storyboard */; };
		BC04FD0C174EB18000EFEBCD /* ViewController.m in Sources */ = {isa = PBXBuildFile; fileRef = BC04FD0B174EB18000EFEBCD /* ViewController.m */; };
		BC04FD14174EB18000EFEBCD /* SenTestingKit.framework in Frameworks */ = {isa = PBXBuildFile; fileRef = BC04FD13174EB18000EFEBCD /* SenTestingKit.framework */; };
		BC04FD15174EB18000EFEBCD /* UIKit.framework in Frameworks */ = {isa = PBXBuildFile; fileRef = BC04FCEF174EB18000EFEBCD /* UIKit.framework */; };
		BC04FD16174EB18000EFEBCD /* Foundation.framework in Frameworks */ = {isa = PBXBuildFile; fileRef = BC04FCF1174EB18000EFEBCD /* Foundation.framework */; };
		BC04FD1E174EB18000EFEBCD /* InfoPlist.strings in Resources */ = {isa = PBXBuildFile; fileRef = BC04FD1C174EB18000EFEBCD /* InfoPlist.strings */; };
		BC04FD21174EB18000EFEBCD /* FPFTests.m in Sources */ = {isa = PBXBuildFile; fileRef = BC04FD20174EB18000EFEBCD /* FPFTests.m */; };
		BC04FD2B174EB18D00EFEBCD /* libsqlite3.0.dylib in Frameworks */ = {isa = PBXBuildFile; fileRef = BC04FD2A174EB18D00EFEBCD /* libsqlite3.0.dylib */; };
		BC04FD2E174EB41000EFEBCD /* Person.m in Sources */ = {isa = PBXBuildFile; fileRef = BC04FD2D174EB41000EFEBCD /* Person.m */; };
		BC1BA389174FFDC900CEDA08 /* BasicModel.m in Sources */ = {isa = PBXBuildFile; fileRef = BC1BA388174FFDC900CEDA08 /* BasicModel.m */; };
		BC1BA390175001FC00CEDA08 /* FPFUtils.m in Sources */ = {isa = PBXBuildFile; fileRef = BC1BA38F175001FC00CEDA08 /* FPFUtils.m */; };
		BC1BA3931750155A00CEDA08 /* AccreditationMdl.m in Sources */ = {isa = PBXBuildFile; fileRef = BC1BA3921750155A00CEDA08 /* AccreditationMdl.m */; };
		BC1BA3961750169600CEDA08 /* ZonesMdl.m in Sources */ = {isa = PBXBuildFile; fileRef = BC1BA3951750169600CEDA08 /* ZonesMdl.m */; };
		BC1BA3A0175021A700CEDA08 /* BaseInvoker.m in Sources */ = {isa = PBXBuildFile; fileRef = BC1BA39F175021A700CEDA08 /* BaseInvoker.m */; };
		BC1BA3A4175023D800CEDA08 /* GenericIn.m in Sources */ = {isa = PBXBuildFile; fileRef = BC1BA3A3175023D800CEDA08 /* GenericIn.m */; };
		BC1BA3A71750244400CEDA08 /* AccreditationsListIn.m in Sources */ = {isa = PBXBuildFile; fileRef = BC1BA3A61750244400CEDA08 /* AccreditationsListIn.m */; };
		BC1BA3AA1750261500CEDA08 /* JSONKit.m in Sources */ = {isa = PBXBuildFile; fileRef = BC1BA3A91750261500CEDA08 /* JSONKit.m */; settings = {COMPILER_FLAGS = "-fno-objc-arc"; }; };
		BC1BA3AD1750294E00CEDA08 /* GenericModel.m in Sources */ = {isa = PBXBuildFile; fileRef = BC1BA3AC1750294E00CEDA08 /* GenericModel.m */; };
		BC1BA3B017502B9E00CEDA08 /* AsyncURLConnection.m in Sources */ = {isa = PBXBuildFile; fileRef = BC1BA3AF17502B9D00CEDA08 /* AsyncURLConnection.m */; };
		BC1BA3B31750308600CEDA08 /* FPFServices.m in Sources */ = {isa = PBXBuildFile; fileRef = BC1BA3B21750308600CEDA08 /* FPFServices.m */; };
		BC1BA3B9175033E400CEDA08 /* AccreditationsInvoker.m in Sources */ = {isa = PBXBuildFile; fileRef = BC1BA3B8175033E400CEDA08 /* AccreditationsInvoker.m */; };
		BC1BA3BC1750347C00CEDA08 /* GenericOut.m in Sources */ = {isa = PBXBuildFile; fileRef = BC1BA3BB1750347C00CEDA08 /* GenericOut.m */; };
		BC1BA3BF175034E700CEDA08 /* AccreditationsListOut.m in Sources */ = {isa = PBXBuildFile; fileRef = BC1BA3BE175034E600CEDA08 /* AccreditationsListOut.m */; };
		BC1BA3C2175039C200CEDA08 /* FPFServicesURLs.m in Sources */ = {isa = PBXBuildFile; fileRef = BC1BA3C1175039C200CEDA08 /* FPFServicesURLs.m */; };
		BC5535D0175058DE00BDC6B8 /* GenericBinaryOut.m in Sources */ = {isa = PBXBuildFile; fileRef = BC5535CF175058DE00BDC6B8 /* GenericBinaryOut.m */; };
/* End PBXBuildFile section */

/* Begin PBXContainerItemProxy section */
		BC04FD17174EB18000EFEBCD /* PBXContainerItemProxy */ = {
			isa = PBXContainerItemProxy;
			containerPortal = BC04FCE4174EB18000EFEBCD /* Project object */;
			proxyType = 1;
			remoteGlobalIDString = BC04FCEB174EB18000EFEBCD;
			remoteInfo = FPF;
		};
/* End PBXContainerItemProxy section */

/* Begin PBXFileReference section */
		BC04FCEC174EB18000EFEBCD /* FPF.app */ = {isa = PBXFileReference; explicitFileType = wrapper.application; includeInIndex = 0; path = FPF.app; sourceTree = BUILT_PRODUCTS_DIR; };
		BC04FCEF174EB18000EFEBCD /* UIKit.framework */ = {isa = PBXFileReference; lastKnownFileType = wrapper.framework; name = UIKit.framework; path = System/Library/Frameworks/UIKit.framework; sourceTree = SDKROOT; };
		BC04FCF1174EB18000EFEBCD /* Foundation.framework */ = {isa = PBXFileReference; lastKnownFileType = wrapper.framework; name = Foundation.framework; path = System/Library/Frameworks/Foundation.framework; sourceTree = SDKROOT; };
		BC04FCF3174EB18000EFEBCD /* CoreGraphics.framework */ = {isa = PBXFileReference; lastKnownFileType = wrapper.framework; name = CoreGraphics.framework; path = System/Library/Frameworks/CoreGraphics.framework; sourceTree = SDKROOT; };
		BC04FCF7174EB18000EFEBCD /* FPF-Info.plist */ = {isa = PBXFileReference; lastKnownFileType = text.plist.xml; path = "FPF-Info.plist"; sourceTree = "<group>"; };
		BC04FCF9174EB18000EFEBCD /* en */ = {isa = PBXFileReference; lastKnownFileType = text.plist.strings; name = en; path = en.lproj/InfoPlist.strings; sourceTree = "<group>"; };
		BC04FCFB174EB18000EFEBCD /* main.m */ = {isa = PBXFileReference; lastKnownFileType = sourcecode.c.objc; path = main.m; sourceTree = "<group>"; };
		BC04FCFD174EB18000EFEBCD /* FPF-Prefix.pch */ = {isa = PBXFileReference; lastKnownFileType = sourcecode.c.h; path = "FPF-Prefix.pch"; sourceTree = "<group>"; };
		BC04FCFE174EB18000EFEBCD /* AppDelegate.h */ = {isa = PBXFileReference; lastKnownFileType = sourcecode.c.h; path = AppDelegate.h; sourceTree = "<group>"; };
		BC04FCFF174EB18000EFEBCD /* AppDelegate.m */ = {isa = PBXFileReference; lastKnownFileType = sourcecode.c.objc; path = AppDelegate.m; sourceTree = "<group>"; };
		BC04FD01174EB18000EFEBCD /* Default.png */ = {isa = PBXFileReference; lastKnownFileType = image.png; path = Default.png; sourceTree = "<group>"; };
		BC04FD03174EB18000EFEBCD /* Default@2x.png */ = {isa = PBXFileReference; lastKnownFileType = image.png; path = "Default@2x.png"; sourceTree = "<group>"; };
		BC04FD05174EB18000EFEBCD /* Default-568h@2x.png */ = {isa = PBXFileReference; lastKnownFileType = image.png; path = "Default-568h@2x.png"; sourceTree = "<group>"; };
		BC04FD08174EB18000EFEBCD /* en */ = {isa = PBXFileReference; lastKnownFileType = file.storyboard; name = en; path = en.lproj/MainStoryboard.storyboard; sourceTree = "<group>"; };
		BC04FD0A174EB18000EFEBCD /* ViewController.h */ = {isa = PBXFileReference; lastKnownFileType = sourcecode.c.h; path = ViewController.h; sourceTree = "<group>"; };
		BC04FD0B174EB18000EFEBCD /* ViewController.m */ = {isa = PBXFileReference; lastKnownFileType = sourcecode.c.objc; path = ViewController.m; sourceTree = "<group>"; };
		BC04FD12174EB18000EFEBCD /* FPFTests.octest */ = {isa = PBXFileReference; explicitFileType = wrapper.cfbundle; includeInIndex = 0; path = FPFTests.octest; sourceTree = BUILT_PRODUCTS_DIR; };
		BC04FD13174EB18000EFEBCD /* SenTestingKit.framework */ = {isa = PBXFileReference; lastKnownFileType = wrapper.framework; name = SenTestingKit.framework; path = Library/Frameworks/SenTestingKit.framework; sourceTree = DEVELOPER_DIR; };
		BC04FD1B174EB18000EFEBCD /* FPFTests-Info.plist */ = {isa = PBXFileReference; lastKnownFileType = text.plist.xml; path = "FPFTests-Info.plist"; sourceTree = "<group>"; };
		BC04FD1D174EB18000EFEBCD /* en */ = {isa = PBXFileReference; lastKnownFileType = text.plist.strings; name = en; path = en.lproj/InfoPlist.strings; sourceTree = "<group>"; };
		BC04FD1F174EB18000EFEBCD /* FPFTests.h */ = {isa = PBXFileReference; lastKnownFileType = sourcecode.c.h; path = FPFTests.h; sourceTree = "<group>"; };
		BC04FD20174EB18000EFEBCD /* FPFTests.m */ = {isa = PBXFileReference; lastKnownFileType = sourcecode.c.objc; path = FPFTests.m; sourceTree = "<group>"; };
		BC04FD2A174EB18D00EFEBCD /* libsqlite3.0.dylib */ = {isa = PBXFileReference; lastKnownFileType = "compiled.mach-o.dylib"; name = libsqlite3.0.dylib; path = usr/lib/libsqlite3.0.dylib; sourceTree = SDKROOT; };
		BC04FD2C174EB41000EFEBCD /* Person.h */ = {isa = PBXFileReference; fileEncoding = 4; lastKnownFileType = sourcecode.c.h; path = Person.h; sourceTree = "<group>"; };
		BC04FD2D174EB41000EFEBCD /* Person.m */ = {isa = PBXFileReference; fileEncoding = 4; lastKnownFileType = sourcecode.c.objc; path = Person.m; sourceTree = "<group>"; };
		BC1BA387174FFDC900CEDA08 /* BasicModel.h */ = {isa = PBXFileReference; fileEncoding = 4; lastKnownFileType = sourcecode.c.h; path = BasicModel.h; sourceTree = "<group>"; };
		BC1BA388174FFDC900CEDA08 /* BasicModel.m */ = {isa = PBXFileReference; fileEncoding = 4; lastKnownFileType = sourcecode.c.objc; path = BasicModel.m; sourceTree = "<group>"; };
		BC1BA38E175001FC00CEDA08 /* FPFUtils.h */ = {isa = PBXFileReference; fileEncoding = 4; lastKnownFileType = sourcecode.c.h; path = FPFUtils.h; sourceTree = "<group>"; };
		BC1BA38F175001FC00CEDA08 /* FPFUtils.m */ = {isa = PBXFileReference; fileEncoding = 4; lastKnownFileType = sourcecode.c.objc; path = FPFUtils.m; sourceTree = "<group>"; };
		BC1BA3911750155A00CEDA08 /* AccreditationMdl.h */ = {isa = PBXFileReference; fileEncoding = 4; lastKnownFileType = sourcecode.c.h; path = AccreditationMdl.h; sourceTree = "<group>"; };
		BC1BA3921750155A00CEDA08 /* AccreditationMdl.m */ = {isa = PBXFileReference; fileEncoding = 4; lastKnownFileType = sourcecode.c.objc; path = AccreditationMdl.m; sourceTree = "<group>"; };
		BC1BA3941750169600CEDA08 /* ZonesMdl.h */ = {isa = PBXFileReference; fileEncoding = 4; lastKnownFileType = sourcecode.c.h; path = ZonesMdl.h; sourceTree = "<group>"; };
		BC1BA3951750169600CEDA08 /* ZonesMdl.m */ = {isa = PBXFileReference; fileEncoding = 4; lastKnownFileType = sourcecode.c.objc; path = ZonesMdl.m; sourceTree = "<group>"; };
		BC1BA39A1750209E00CEDA08 /* Models.h */ = {isa = PBXFileReference; lastKnownFileType = sourcecode.c.h; path = Models.h; sourceTree = "<group>"; };
		BC1BA39E175021A700CEDA08 /* BaseInvoker.h */ = {isa = PBXFileReference; fileEncoding = 4; lastKnownFileType = sourcecode.c.h; path = BaseInvoker.h; sourceTree = "<group>"; };
		BC1BA39F175021A700CEDA08 /* BaseInvoker.m */ = {isa = PBXFileReference; fileEncoding = 4; lastKnownFileType = sourcecode.c.objc; path = BaseInvoker.m; sourceTree = "<group>"; };
		BC1BA3A2175023D800CEDA08 /* GenericIn.h */ = {isa = PBXFileReference; fileEncoding = 4; lastKnownFileType = sourcecode.c.h; path = GenericIn.h; sourceTree = "<group>"; };
		BC1BA3A3175023D800CEDA08 /* GenericIn.m */ = {isa = PBXFileReference; fileEncoding = 4; lastKnownFileType = sourcecode.c.objc; path = GenericIn.m; sourceTree = "<group>"; };
		BC1BA3A51750244400CEDA08 /* AccreditationsListIn.h */ = {isa = PBXFileReference; fileEncoding = 4; lastKnownFileType = sourcecode.c.h; path = AccreditationsListIn.h; sourceTree = "<group>"; };
		BC1BA3A61750244400CEDA08 /* AccreditationsListIn.m */ = {isa = PBXFileReference; fileEncoding = 4; lastKnownFileType = sourcecode.c.objc; path = AccreditationsListIn.m; sourceTree = "<group>"; };
		BC1BA3A81750261500CEDA08 /* JSONKit.h */ = {isa = PBXFileReference; fileEncoding = 4; lastKnownFileType = sourcecode.c.h; path = JSONKit.h; sourceTree = "<group>"; };
		BC1BA3A91750261500CEDA08 /* JSONKit.m */ = {isa = PBXFileReference; fileEncoding = 4; lastKnownFileType = sourcecode.c.objc; path = JSONKit.m; sourceTree = "<group>"; };
		BC1BA3AB1750294E00CEDA08 /* GenericModel.h */ = {isa = PBXFileReference; fileEncoding = 4; lastKnownFileType = sourcecode.c.h; path = GenericModel.h; sourceTree = "<group>"; };
		BC1BA3AC1750294E00CEDA08 /* GenericModel.m */ = {isa = PBXFileReference; fileEncoding = 4; lastKnownFileType = sourcecode.c.objc; path = GenericModel.m; sourceTree = "<group>"; };
		BC1BA3AE17502B9D00CEDA08 /* AsyncURLConnection.h */ = {isa = PBXFileReference; fileEncoding = 4; lastKnownFileType = sourcecode.c.h; path = AsyncURLConnection.h; sourceTree = "<group>"; };
		BC1BA3AF17502B9D00CEDA08 /* AsyncURLConnection.m */ = {isa = PBXFileReference; fileEncoding = 4; lastKnownFileType = sourcecode.c.objc; path = AsyncURLConnection.m; sourceTree = "<group>"; };
		BC1BA3B11750308500CEDA08 /* FPFServices.h */ = {isa = PBXFileReference; fileEncoding = 4; lastKnownFileType = sourcecode.c.h; path = FPFServices.h; sourceTree = "<group>"; };
		BC1BA3B21750308600CEDA08 /* FPFServices.m */ = {isa = PBXFileReference; fileEncoding = 4; lastKnownFileType = sourcecode.c.objc; path = FPFServices.m; sourceTree = "<group>"; };
		BC1BA3B7175033E400CEDA08 /* AccreditationsInvoker.h */ = {isa = PBXFileReference; fileEncoding = 4; lastKnownFileType = sourcecode.c.h; path = AccreditationsInvoker.h; sourceTree = "<group>"; };
		BC1BA3B8175033E400CEDA08 /* AccreditationsInvoker.m */ = {isa = PBXFileReference; fileEncoding = 4; lastKnownFileType = sourcecode.c.objc; path = AccreditationsInvoker.m; sourceTree = "<group>"; };
		BC1BA3BA1750347C00CEDA08 /* GenericOut.h */ = {isa = PBXFileReference; fileEncoding = 4; lastKnownFileType = sourcecode.c.h; path = GenericOut.h; sourceTree = "<group>"; };
		BC1BA3BB1750347C00CEDA08 /* GenericOut.m */ = {isa = PBXFileReference; fileEncoding = 4; lastKnownFileType = sourcecode.c.objc; path = GenericOut.m; sourceTree = "<group>"; };
		BC1BA3BD175034E600CEDA08 /* AccreditationsListOut.h */ = {isa = PBXFileReference; fileEncoding = 4; lastKnownFileType = sourcecode.c.h; path = AccreditationsListOut.h; sourceTree = "<group>"; };
		BC1BA3BE175034E600CEDA08 /* AccreditationsListOut.m */ = {isa = PBXFileReference; fileEncoding = 4; lastKnownFileType = sourcecode.c.objc; path = AccreditationsListOut.m; sourceTree = "<group>"; };
		BC1BA3C0175039C100CEDA08 /* FPFServicesURLs.h */ = {isa = PBXFileReference; fileEncoding = 4; lastKnownFileType = sourcecode.c.h; path = FPFServicesURLs.h; sourceTree = "<group>"; };
		BC1BA3C1175039C200CEDA08 /* FPFServicesURLs.m */ = {isa = PBXFileReference; fileEncoding = 4; lastKnownFileType = sourcecode.c.objc; path = FPFServicesURLs.m; sourceTree = "<group>"; };
		BC5535CE175058DE00BDC6B8 /* GenericBinaryOut.h */ = {isa = PBXFileReference; fileEncoding = 4; lastKnownFileType = sourcecode.c.h; path = GenericBinaryOut.h; sourceTree = "<group>"; };
		BC5535CF175058DE00BDC6B8 /* GenericBinaryOut.m */ = {isa = PBXFileReference; fileEncoding = 4; lastKnownFileType = sourcecode.c.objc; path = GenericBinaryOut.m; sourceTree = "<group>"; };
/* End PBXFileReference section */

/* Begin PBXFrameworksBuildPhase section */
		BC04FCE9174EB18000EFEBCD /* Frameworks */ = {
			isa = PBXFrameworksBuildPhase;
			buildActionMask = 2147483647;
			files = (
				BC04FD2B174EB18D00EFEBCD /* libsqlite3.0.dylib in Frameworks */,
				BC04FCF0174EB18000EFEBCD /* UIKit.framework in Frameworks */,
				BC04FCF2174EB18000EFEBCD /* Foundation.framework in Frameworks */,
				BC04FCF4174EB18000EFEBCD /* CoreGraphics.framework in Frameworks */,
			);
			runOnlyForDeploymentPostprocessing = 0;
		};
		BC04FD0E174EB18000EFEBCD /* Frameworks */ = {
			isa = PBXFrameworksBuildPhase;
			buildActionMask = 2147483647;
			files = (
				BC04FD14174EB18000EFEBCD /* SenTestingKit.framework in Frameworks */,
				BC04FD15174EB18000EFEBCD /* UIKit.framework in Frameworks */,
				BC04FD16174EB18000EFEBCD /* Foundation.framework in Frameworks */,
			);
			runOnlyForDeploymentPostprocessing = 0;
		};
/* End PBXFrameworksBuildPhase section */

/* Begin PBXGroup section */
		BC04FCE3174EB18000EFEBCD = {
			isa = PBXGroup;
			children = (
				BC04FD2A174EB18D00EFEBCD /* libsqlite3.0.dylib */,
				BC04FCF5174EB18000EFEBCD /* FPF */,
				BC04FD19174EB18000EFEBCD /* FPFTests */,
				BC04FCEE174EB18000EFEBCD /* Frameworks */,
				BC04FCED174EB18000EFEBCD /* Products */,
			);
			sourceTree = "<group>";
		};
		BC04FCED174EB18000EFEBCD /* Products */ = {
			isa = PBXGroup;
			children = (
				BC04FCEC174EB18000EFEBCD /* FPF.app */,
				BC04FD12174EB18000EFEBCD /* FPFTests.octest */,
			);
			name = Products;
			sourceTree = "<group>";
		};
		BC04FCEE174EB18000EFEBCD /* Frameworks */ = {
			isa = PBXGroup;
			children = (
				BC04FCEF174EB18000EFEBCD /* UIKit.framework */,
				BC04FCF1174EB18000EFEBCD /* Foundation.framework */,
				BC04FCF3174EB18000EFEBCD /* CoreGraphics.framework */,
				BC04FD13174EB18000EFEBCD /* SenTestingKit.framework */,
			);
			name = Frameworks;
			sourceTree = "<group>";
		};
		BC04FCF5174EB18000EFEBCD /* FPF */ = {
			isa = PBXGroup;
			children = (
				BC1BA39B1750213600CEDA08 /* Logic */,
				BC1BA38D175001C600CEDA08 /* Common */,
				BC1BA386174FFD6D00CEDA08 /* Models */,
				BC04FCFE174EB18000EFEBCD /* AppDelegate.h */,
				BC04FCFF174EB18000EFEBCD /* AppDelegate.m */,
				BC04FD07174EB18000EFEBCD /* MainStoryboard.storyboard */,
				BC04FD0A174EB18000EFEBCD /* ViewController.h */,
				BC04FD0B174EB18000EFEBCD /* ViewController.m */,
				BC04FCF6174EB18000EFEBCD /* Supporting Files */,
				BC04FD2C174EB41000EFEBCD /* Person.h */,
				BC04FD2D174EB41000EFEBCD /* Person.m */,
			);
			path = FPF;
			sourceTree = "<group>";
		};
		BC04FCF6174EB18000EFEBCD /* Supporting Files */ = {
			isa = PBXGroup;
			children = (
				BC04FCF7174EB18000EFEBCD /* FPF-Info.plist */,
				BC04FCF8174EB18000EFEBCD /* InfoPlist.strings */,
				BC04FCFB174EB18000EFEBCD /* main.m */,
				BC04FCFD174EB18000EFEBCD /* FPF-Prefix.pch */,
				BC04FD01174EB18000EFEBCD /* Default.png */,
				BC04FD03174EB18000EFEBCD /* Default@2x.png */,
				BC04FD05174EB18000EFEBCD /* Default-568h@2x.png */,
			);
			name = "Supporting Files";
			sourceTree = "<group>";
		};
		BC04FD19174EB18000EFEBCD /* FPFTests */ = {
			isa = PBXGroup;
			children = (
				BC04FD1F174EB18000EFEBCD /* FPFTests.h */,
				BC04FD20174EB18000EFEBCD /* FPFTests.m */,
				BC04FD1A174EB18000EFEBCD /* Supporting Files */,
			);
			path = FPFTests;
			sourceTree = "<group>";
		};
		BC04FD1A174EB18000EFEBCD /* Supporting Files */ = {
			isa = PBXGroup;
			children = (
				BC04FD1B174EB18000EFEBCD /* FPFTests-Info.plist */,
				BC04FD1C174EB18000EFEBCD /* InfoPlist.strings */,
			);
			name = "Supporting Files";
			sourceTree = "<group>";
		};
		BC1BA386174FFD6D00CEDA08 /* Models */ = {
			isa = PBXGroup;
			children = (
				BC1BA387174FFDC900CEDA08 /* BasicModel.h */,
				BC1BA388174FFDC900CEDA08 /* BasicModel.m */,
				BC1BA3911750155A00CEDA08 /* AccreditationMdl.h */,
				BC1BA3921750155A00CEDA08 /* AccreditationMdl.m */,
				BC1BA3941750169600CEDA08 /* ZonesMdl.h */,
				BC1BA3951750169600CEDA08 /* ZonesMdl.m */,
				BC1BA39A1750209E00CEDA08 /* Models.h */,
			);
			name = Models;
			sourceTree = "<group>";
		};
		BC1BA38D175001C600CEDA08 /* Common */ = {
			isa = PBXGroup;
			children = (
				BC1BA38E175001FC00CEDA08 /* FPFUtils.h */,
				BC1BA38F175001FC00CEDA08 /* FPFUtils.m */,
				BC1BA3A81750261500CEDA08 /* JSONKit.h */,
				BC1BA3A91750261500CEDA08 /* JSONKit.m */,
				BC1BA3AB1750294E00CEDA08 /* GenericModel.h */,
				BC1BA3AC1750294E00CEDA08 /* GenericModel.m */,
				BC1BA3AE17502B9D00CEDA08 /* AsyncURLConnection.h */,
				BC1BA3AF17502B9D00CEDA08 /* AsyncURLConnection.m */,
				BC1BA3B11750308500CEDA08 /* FPFServices.h */,
				BC1BA3B21750308600CEDA08 /* FPFServices.m */,
				BC1BA3C0175039C100CEDA08 /* FPFServicesURLs.h */,
				BC1BA3C1175039C200CEDA08 /* FPFServicesURLs.m */,
			);
			name = Common;
			sourceTree = "<group>";
		};
		BC1BA39B1750213600CEDA08 /* Logic */ = {
			isa = PBXGroup;
			children = (
				BC1BA39D1750214700CEDA08 /* Invokers */,
				BC1BA39C1750213D00CEDA08 /* InOut */,
			);
			name = Logic;
			sourceTree = "<group>";
		};
		BC1BA39C1750213D00CEDA08 /* InOut */ = {
			isa = PBXGroup;
			children = (
				BC1BA3A1175023C300CEDA08 /* Core */,
				BC1BA3A51750244400CEDA08 /* AccreditationsListIn.h */,
				BC1BA3A61750244400CEDA08 /* AccreditationsListIn.m */,
				BC1BA3BD175034E600CEDA08 /* AccreditationsListOut.h */,
				BC1BA3BE175034E600CEDA08 /* AccreditationsListOut.m */,
			);
			name = InOut;
			sourceTree = "<group>";
		};
		BC1BA39D1750214700CEDA08 /* Invokers */ = {
			isa = PBXGroup;
			children = (
				BC1BA39E175021A700CEDA08 /* BaseInvoker.h */,
				BC1BA39F175021A700CEDA08 /* BaseInvoker.m */,
				BC1BA3B7175033E400CEDA08 /* AccreditationsInvoker.h */,
				BC1BA3B8175033E400CEDA08 /* AccreditationsInvoker.m */,
			);
			name = Invokers;
			sourceTree = "<group>";
		};
		BC1BA3A1175023C300CEDA08 /* Core */ = {
			isa = PBXGroup;
			children = (
				BC1BA3A2175023D800CEDA08 /* GenericIn.h */,
				BC1BA3A3175023D800CEDA08 /* GenericIn.m */,
				BC1BA3BA1750347C00CEDA08 /* GenericOut.h */,
				BC1BA3BB1750347C00CEDA08 /* GenericOut.m */,
				BC5535CE175058DE00BDC6B8 /* GenericBinaryOut.h */,
				BC5535CF175058DE00BDC6B8 /* GenericBinaryOut.m */,
			);
			name = Core;
			sourceTree = "<group>";
		};
/* End PBXGroup section */

/* Begin PBXNativeTarget section */
		BC04FCEB174EB18000EFEBCD /* FPF */ = {
			isa = PBXNativeTarget;
			buildConfigurationList = BC04FD24174EB18000EFEBCD /* Build configuration list for PBXNativeTarget "FPF" */;
			buildPhases = (
				BC04FCE8174EB18000EFEBCD /* Sources */,
				BC04FCE9174EB18000EFEBCD /* Frameworks */,
				BC04FCEA174EB18000EFEBCD /* Resources */,
			);
			buildRules = (
			);
			dependencies = (
			);
			name = FPF;
			productName = FPF;
			productReference = BC04FCEC174EB18000EFEBCD /* FPF.app */;
			productType = "com.apple.product-type.application";
		};
		BC04FD11174EB18000EFEBCD /* FPFTests */ = {
			isa = PBXNativeTarget;
			buildConfigurationList = BC04FD27174EB18000EFEBCD /* Build configuration list for PBXNativeTarget "FPFTests" */;
			buildPhases = (
				BC04FD0D174EB18000EFEBCD /* Sources */,
				BC04FD0E174EB18000EFEBCD /* Frameworks */,
				BC04FD0F174EB18000EFEBCD /* Resources */,
				BC04FD10174EB18000EFEBCD /* ShellScript */,
			);
			buildRules = (
			);
			dependencies = (
				BC04FD18174EB18000EFEBCD /* PBXTargetDependency */,
			);
			name = FPFTests;
			productName = FPFTests;
			productReference = BC04FD12174EB18000EFEBCD /* FPFTests.octest */;
			productType = "com.apple.product-type.bundle";
		};
/* End PBXNativeTarget section */

/* Begin PBXProject section */
		BC04FCE4174EB18000EFEBCD /* Project object */ = {
			isa = PBXProject;
			attributes = {
				LastUpgradeCheck = 0460;
				ORGANIZATIONNAME = Armis;
			};
			buildConfigurationList = BC04FCE7174EB18000EFEBCD /* Build configuration list for PBXProject "FPF" */;
			compatibilityVersion = "Xcode 3.2";
			developmentRegion = English;
			hasScannedForEncodings = 0;
			knownRegions = (
				en,
			);
			mainGroup = BC04FCE3174EB18000EFEBCD;
			productRefGroup = BC04FCED174EB18000EFEBCD /* Products */;
			projectDirPath = "";
			projectRoot = "";
			targets = (
				BC04FCEB174EB18000EFEBCD /* FPF */,
				BC04FD11174EB18000EFEBCD /* FPFTests */,
			);
		};
/* End PBXProject section */

/* Begin PBXResourcesBuildPhase section */
		BC04FCEA174EB18000EFEBCD /* Resources */ = {
			isa = PBXResourcesBuildPhase;
			buildActionMask = 2147483647;
			files = (
				BC04FCFA174EB18000EFEBCD /* InfoPlist.strings in Resources */,
				BC04FD02174EB18000EFEBCD /* Default.png in Resources */,
				BC04FD04174EB18000EFEBCD /* Default@2x.png in Resources */,
				BC04FD06174EB18000EFEBCD /* Default-568h@2x.png in Resources */,
				BC04FD09174EB18000EFEBCD /* MainStoryboard.storyboard in Resources */,
			);
			runOnlyForDeploymentPostprocessing = 0;
		};
		BC04FD0F174EB18000EFEBCD /* Resources */ = {
			isa = PBXResourcesBuildPhase;
			buildActionMask = 2147483647;
			files = (
				BC04FD1E174EB18000EFEBCD /* InfoPlist.strings in Resources */,
			);
			runOnlyForDeploymentPostprocessing = 0;
		};
/* End PBXResourcesBuildPhase section */

/* Begin PBXShellScriptBuildPhase section */
		BC04FD10174EB18000EFEBCD /* ShellScript */ = {
			isa = PBXShellScriptBuildPhase;
			buildActionMask = 2147483647;
			files = (
			);
			inputPaths = (
			);
			outputPaths = (
			);
			runOnlyForDeploymentPostprocessing = 0;
			shellPath = /bin/sh;
			shellScript = "# Run the unit tests in this test bundle.\n\"${SYSTEM_DEVELOPER_DIR}/Tools/RunUnitTests\"\n";
		};
/* End PBXShellScriptBuildPhase section */

/* Begin PBXSourcesBuildPhase section */
		BC04FCE8174EB18000EFEBCD /* Sources */ = {
			isa = PBXSourcesBuildPhase;
			buildActionMask = 2147483647;
			files = (
				BC04FCFC174EB18000EFEBCD /* main.m in Sources */,
				BC04FD00174EB18000EFEBCD /* AppDelegate.m in Sources */,
				BC04FD0C174EB18000EFEBCD /* ViewController.m in Sources */,
				BC04FD2E174EB41000EFEBCD /* Person.m in Sources */,
				BC1BA389174FFDC900CEDA08 /* BasicModel.m in Sources */,
				BC1BA390175001FC00CEDA08 /* FPFUtils.m in Sources */,
				BC1BA3931750155A00CEDA08 /* AccreditationMdl.m in Sources */,
				BC1BA3961750169600CEDA08 /* ZonesMdl.m in Sources */,
				BC1BA3A0175021A700CEDA08 /* BaseInvoker.m in Sources */,
				BC1BA3A4175023D800CEDA08 /* GenericIn.m in Sources */,
				BC1BA3A71750244400CEDA08 /* AccreditationsListIn.m in Sources */,
				BC1BA3AA1750261500CEDA08 /* JSONKit.m in Sources */,
				BC1BA3AD1750294E00CEDA08 /* GenericModel.m in Sources */,
				BC1BA3B017502B9E00CEDA08 /* AsyncURLConnection.m in Sources */,
				BC1BA3B31750308600CEDA08 /* FPFServices.m in Sources */,
				BC1BA3B9175033E400CEDA08 /* AccreditationsInvoker.m in Sources */,
				BC1BA3BC1750347C00CEDA08 /* GenericOut.m in Sources */,
				BC1BA3BF175034E700CEDA08 /* AccreditationsListOut.m in Sources */,
				BC1BA3C2175039C200CEDA08 /* FPFServicesURLs.m in Sources */,
				BC5535D0175058DE00BDC6B8 /* GenericBinaryOut.m in Sources */,
			);
			runOnlyForDeploymentPostprocessing = 0;
		};
		BC04FD0D174EB18000EFEBCD /* Sources */ = {
			isa = PBXSourcesBuildPhase;
			buildActionMask = 2147483647;
			files = (
				BC04FD21174EB18000EFEBCD /* FPFTests.m in Sources */,
			);
			runOnlyForDeploymentPostprocessing = 0;
		};
/* End PBXSourcesBuildPhase section */

/* Begin PBXTargetDependency section */
		BC04FD18174EB18000EFEBCD /* PBXTargetDependency */ = {
			isa = PBXTargetDependency;
			target = BC04FCEB174EB18000EFEBCD /* FPF */;
			targetProxy = BC04FD17174EB18000EFEBCD /* PBXContainerItemProxy */;
		};
/* End PBXTargetDependency section */

/* Begin PBXVariantGroup section */
		BC04FCF8174EB18000EFEBCD /* InfoPlist.strings */ = {
			isa = PBXVariantGroup;
			children = (
				BC04FCF9174EB18000EFEBCD /* en */,
			);
			name = InfoPlist.strings;
			sourceTree = "<group>";
		};
		BC04FD07174EB18000EFEBCD /* MainStoryboard.storyboard */ = {
			isa = PBXVariantGroup;
			children = (
				BC04FD08174EB18000EFEBCD /* en */,
			);
			name = MainStoryboard.storyboard;
			sourceTree = "<group>";
		};
		BC04FD1C174EB18000EFEBCD /* InfoPlist.strings */ = {
			isa = PBXVariantGroup;
			children = (
				BC04FD1D174EB18000EFEBCD /* en */,
			);
			name = InfoPlist.strings;
			sourceTree = "<group>";
		};
/* End PBXVariantGroup section */

/* Begin XCBuildConfiguration section */
		BC04FD22174EB18000EFEBCD /* Debug */ = {
			isa = XCBuildConfiguration;
			buildSettings = {
				ALWAYS_SEARCH_USER_PATHS = NO;
				CLANG_CXX_LANGUAGE_STANDARD = "gnu++0x";
				CLANG_CXX_LIBRARY = "libc++";
				CLANG_ENABLE_OBJC_ARC = YES;
				CLANG_WARN_CONSTANT_CONVERSION = YES;
				CLANG_WARN_EMPTY_BODY = YES;
				CLANG_WARN_ENUM_CONVERSION = YES;
				CLANG_WARN_INT_CONVERSION = YES;
				CLANG_WARN__DUPLICATE_METHOD_MATCH = YES;
				"CODE_SIGN_IDENTITY[sdk=iphoneos*]" = "iPhone Developer";
				COPY_PHASE_STRIP = NO;
				GCC_C_LANGUAGE_STANDARD = gnu99;
				GCC_DYNAMIC_NO_PIC = NO;
				GCC_OPTIMIZATION_LEVEL = 0;
				GCC_PREPROCESSOR_DEFINITIONS = (
					"DEBUG=1",
					"$(inherited)",
				);
				GCC_SYMBOLS_PRIVATE_EXTERN = NO;
				GCC_WARN_ABOUT_RETURN_TYPE = YES;
				GCC_WARN_UNINITIALIZED_AUTOS = YES;
				GCC_WARN_UNUSED_VARIABLE = YES;
				IPHONEOS_DEPLOYMENT_TARGET = 5.0;
				ONLY_ACTIVE_ARCH = YES;
				SDKROOT = iphoneos;
			};
			name = Debug;
		};
		BC04FD23174EB18000EFEBCD /* Release */ = {
			isa = XCBuildConfiguration;
			buildSettings = {
				ALWAYS_SEARCH_USER_PATHS = NO;
				CLANG_CXX_LANGUAGE_STANDARD = "gnu++0x";
				CLANG_CXX_LIBRARY = "libc++";
				CLANG_ENABLE_OBJC_ARC = YES;
				CLANG_WARN_CONSTANT_CONVERSION = YES;
				CLANG_WARN_EMPTY_BODY = YES;
				CLANG_WARN_ENUM_CONVERSION = YES;
				CLANG_WARN_INT_CONVERSION = YES;
				CLANG_WARN__DUPLICATE_METHOD_MATCH = YES;
				"CODE_SIGN_IDENTITY[sdk=iphoneos*]" = "iPhone Developer";
				COPY_PHASE_STRIP = YES;
				GCC_C_LANGUAGE_STANDARD = gnu99;
				GCC_WARN_ABOUT_RETURN_TYPE = YES;
				GCC_WARN_UNINITIALIZED_AUTOS = YES;
				GCC_WARN_UNUSED_VARIABLE = YES;
				IPHONEOS_DEPLOYMENT_TARGET = 5.0;
				OTHER_CFLAGS = "-DNS_BLOCK_ASSERTIONS=1";
				SDKROOT = iphoneos;
				VALIDATE_PRODUCT = YES;
			};
			name = Release;
		};
		BC04FD25174EB18000EFEBCD /* Debug */ = {
			isa = XCBuildConfiguration;
			buildSettings = {
				CLANG_ENABLE_OBJC_ARC = YES;
				GCC_PRECOMPILE_PREFIX_HEADER = YES;
				GCC_PREFIX_HEADER = "FPF/FPF-Prefix.pch";
				INFOPLIST_FILE = "FPF/FPF-Info.plist";
				PRODUCT_NAME = "$(TARGET_NAME)";
				WRAPPER_EXTENSION = app;
			};
			name = Debug;
		};
		BC04FD26174EB18000EFEBCD /* Release */ = {
			isa = XCBuildConfiguration;
			buildSettings = {
				CLANG_ENABLE_OBJC_ARC = YES;
				GCC_PRECOMPILE_PREFIX_HEADER = YES;
				GCC_PREFIX_HEADER = "FPF/FPF-Prefix.pch";
				INFOPLIST_FILE = "FPF/FPF-Info.plist";
				PRODUCT_NAME = "$(TARGET_NAME)";
				WRAPPER_EXTENSION = app;
			};
			name = Release;
		};
		BC04FD28174EB18000EFEBCD /* Debug */ = {
			isa = XCBuildConfiguration;
			buildSettings = {
				BUNDLE_LOADER = "$(BUILT_PRODUCTS_DIR)/FPF.app/FPF";
				FRAMEWORK_SEARCH_PATHS = (
					"\"$(SDKROOT)/Developer/Library/Frameworks\"",
					"\"$(DEVELOPER_LIBRARY_DIR)/Frameworks\"",
				);
				GCC_PRECOMPILE_PREFIX_HEADER = YES;
				GCC_PREFIX_HEADER = "FPF/FPF-Prefix.pch";
				INFOPLIST_FILE = "FPFTests/FPFTests-Info.plist";
				PRODUCT_NAME = "$(TARGET_NAME)";
				TEST_HOST = "$(BUNDLE_LOADER)";
				WRAPPER_EXTENSION = octest;
			};
			name = Debug;
		};
		BC04FD29174EB18000EFEBCD /* Release */ = {
			isa = XCBuildConfiguration;
			buildSettings = {
				BUNDLE_LOADER = "$(BUILT_PRODUCTS_DIR)/FPF.app/FPF";
				FRAMEWORK_SEARCH_PATHS = (
					"\"$(SDKROOT)/Developer/Library/Frameworks\"",
					"\"$(DEVELOPER_LIBRARY_DIR)/Frameworks\"",
				);
				GCC_PRECOMPILE_PREFIX_HEADER = YES;
				GCC_PREFIX_HEADER = "FPF/FPF-Prefix.pch";
				INFOPLIST_FILE = "FPFTests/FPFTests-Info.plist";
				PRODUCT_NAME = "$(TARGET_NAME)";
				TEST_HOST = "$(BUNDLE_LOADER)";
				WRAPPER_EXTENSION = octest;
			};
			name = Release;
		};
/* End XCBuildConfiguration section */

/* Begin XCConfigurationList section */
		BC04FCE7174EB18000EFEBCD /* Build configuration list for PBXProject "FPF" */ = {
			isa = XCConfigurationList;
			buildConfigurations = (
				BC04FD22174EB18000EFEBCD /* Debug */,
				BC04FD23174EB18000EFEBCD /* Release */,
			);
			defaultConfigurationIsVisible = 0;
			defaultConfigurationName = Release;
		};
		BC04FD24174EB18000EFEBCD /* Build configuration list for PBXNativeTarget "FPF" */ = {
			isa = XCConfigurationList;
			buildConfigurations = (
				BC04FD25174EB18000EFEBCD /* Debug */,
				BC04FD26174EB18000EFEBCD /* Release */,
			);
			defaultConfigurationIsVisible = 0;
			defaultConfigurationName = Release;
		};
		BC04FD27174EB18000EFEBCD /* Build configuration list for PBXNativeTarget "FPFTests" */ = {
			isa = XCConfigurationList;
			buildConfigurations = (
				BC04FD28174EB18000EFEBCD /* Debug */,
				BC04FD29174EB18000EFEBCD /* Release */,
			);
			defaultConfigurationIsVisible = 0;
			defaultConfigurationName = Release;
		};
/* End XCConfigurationList section */
	};
	rootObject = BC04FCE4174EB18000EFEBCD /* Project object */;
}
